
Microsoft Visual Studio Solution File, Format Version 12.00
# Visual Studio Version 17
VisualStudioVersion = 17.2.32519.379
MinimumVisualStudioVersion = 10.0.40219.1
Project("{FAE04EC0-301F-11D3-BF4B-00C04F79EFBC}") = "hermes-datavision", "hermes-datavision\hermes-datavision.csproj", "{34DA73E9-43F1-4F2E-8D94-88E5AB4D817E}"
EndProject
Global
	GlobalSection(SolutionConfigurationPlatforms) = preSolution
		Debug|Any CPU = Debug|Any CPU
		Release|Any CPU = Release|Any CPU
	EndGlobalSection
	GlobalSection(ProjectConfigurationPlatforms) = postSolution
		{34DA73E9-43F1-4F2E-8D94-88E5AB4D817E}.Debug|Any CPU.ActiveCfg = Debug|Any CPU
		{34DA73E9-43F1-4F2E-8D94-88E5AB4D817E}.Debug|Any CPU.Build.0 = Debug|Any CPU
		{34DA73E9-43F1-4F2E-8D94-88E5AB4D817E}.Release|Any CPU.ActiveCfg = Release|Any CPU
		{34DA73E9-43F1-4F2E-8D94-88E5AB4D817E}.Release|Any CPU.Build.0 = Release|Any CPU
	EndGlobalSection
	GlobalSection(SolutionProperties) = preSolution
		HideSolutionNode = FALSE
	EndGlobalSection
	GlobalSection(ExtensibilityGlobals) = postSolution
		SolutionGuid = {4798B8B7-4F64-4B44-969C-D82414C4A773}
	EndGlobalSection
EndGlobal
